
Microsoft Visual Studio Solution File, Format Version 12.00
# Visual Studio Version 17
VisualStudioVersion = 17.9.34701.34
MinimumVisualStudioVersion = 10.0.40219.1
Project("{F184B08F-C81C-45F6-A57F-5ABD9991F28F}") = "Task Scheduler", "Task Scheduler.vbproj", "{C1997F46-2F91-4571-9ECD-5C8BE472DAC6}"
EndProject
Global
	GlobalSection(SolutionConfigurationPlatforms) = preSolution
		Debug|Any CPU = Debug|Any CPU
		Release|Any CPU = Release|Any CPU
	EndGlobalSection
	GlobalSection(ProjectConfigurationPlatforms) = postSolution
		{C1997F46-2F91-4571-9ECD-5C8BE472DAC6}.Debug|Any CPU.ActiveCfg = Debug|Any CPU
		{C1997F46-2F91-4571-9ECD-5C8BE472DAC6}.Debug|Any CPU.Build.0 = Debug|Any CPU
		{C1997F46-2F91-4571-9ECD-5C8BE472DAC6}.Release|Any CPU.ActiveCfg = Release|Any CPU
		{C1997F46-2F91-4571-9ECD-5C8BE472DAC6}.Release|Any CPU.Build.0 = Release|Any CPU
	EndGlobalSection
	GlobalSection(SolutionProperties) = preSolution
		HideSolutionNode = FALSE
	EndGlobalSection
	GlobalSection(ExtensibilityGlobals) = postSolution
		SolutionGuid = {BE0B4AB5-D18A-4B9E-9807-01EBA91D7416}
	EndGlobalSection
EndGlobal
